Microsoft Visual Studio Solution File, Format Version 12.00
# Visual Studio Version 17
VisualStudioVersion = 17.5.2.0
MinimumVisualStudioVersion = 10.0.40219.1
Project("{FAE04EC0-301F-11D3-BF4B-00C04F79EFBC}") = "SmartHostelManagementSystem", "SmartHostelManagementSystem\SmartHostelManagementSystem.csproj", "{13CA4C8F-FAF6-1CDF-8F18-918A8ABD80D8}"
EndProject
Global
	GlobalSection(SolutionConfigurationPlatforms) = preSolution
		Debug|Any CPU = Debug|Any CPU
		Release|Any CPU = Release|Any CPU
	EndGlobalSection
	GlobalSection(ProjectConfigurationPlatforms) = postSolution
		{13CA4C8F-FAF6-1CDF-8F18-918A8ABD80D8}.Debug|Any CPU.ActiveCfg = Debug|Any CPU
		{13CA4C8F-FAF6-1CDF-8F18-918A8ABD80D8}.Debug|Any CPU.Build.0 = Debug|Any CPU
		{13CA4C8F-FAF6-1CDF-8F18-918A8ABD80D8}.Release|Any CPU.ActiveCfg = Release|Any CPU
		{13CA4C8F-FAF6-1CDF-8F18-918A8ABD80D8}.Release|Any CPU.Build.0 = Release|Any CPU
	EndGlobalSection
	GlobalSection(SolutionProperties) = preSolution
		HideSolutionNode = FALSE
	EndGlobalSection
	GlobalSection(ExtensibilityGlobals) = postSolution
		SolutionGuid = {F7D86028-9456-4064-8FD5-7453CA2F66F1}
	EndGlobalSection
EndGlobal
